<?xml version="1.0" encoding="utf-8"?>
<Project ToolsVersion="4.0" xmlns="http://schemas.microsoft.com/developer/msbuild/2003">
  <ItemGroup>
    <Filter Include="Source Files">
      <UniqueIdentifier>{4FC737F1-C7A5-4376-A066-2A32D752A2FF}</UniqueIdentifier>
      <Extensions>cpp;c;cc;cxx;def;odl;idl;hpj;bat;asm;asmx</Extensions>
    </Filter>
    <Filter Include="Header Files">
      <UniqueIdentifier>{93995380-89BD-4b04-88EB-625FBE52EBFB}</UniqueIdentifier>
      <Extensions>h;hh;hpp;hxx;hm;inl;inc;xsd</Extensions>
    </Filter>
    <Filter Include="Resource Files">
      <UniqueIdentifier>{67DA6AB6-F800-4c08-8B7A-83BB121AAD01}</UniqueIdentifier>
      <Extensions>rc;ico;cur;bmp;dlg;rc2;rct;bin;rgs;gif;jpg;jpeg;jpe;resx;tiff;tif;png;wav;mfcribbon-ms</Extensions>
    </Filter>
  </ItemGroup>
  <ItemGroup>
    <ClInclude Include="types\type_checker.h">
      <Filter>Header Files</Filter>
    </ClInclude>
    <ClInclude Include="types\elsa_type.h">
      <Filter>Header Files</Filter>
    </ClInclude>
    <ClInclude Include="ast\argument_expression.h">
      <Filter>Header Files</Filter>
    </ClInclude>
    <ClInclude Include="ast\binary_operator_expression.h">
      <Filter>Header Files</Filter>
    </ClInclude>
    <ClInclude Include="ast\bool_literal_expression.h">
      <Filter>Header Files</Filter>
    </ClInclude>
    <ClInclude Include="ast\char_literal_expression.h">
      <Filter>Header Files</Filter>
    </ClInclude>
    <ClInclude Include="ast\expression.h">
      <Filter>Header Files</Filter>
    </ClInclude>
    <ClInclude Include="ast\float_literal_expression.h">
      <Filter>Header Files</Filter>
    </ClInclude>
    <ClInclude Include="ast\func_declaration_expression.h">
      <Filter>Header Files</Filter>
    </ClInclude>
    <ClInclude Include="ast\identifier_expression.h">
      <Filter>Header Files</Filter>
    </ClInclude>
    <ClInclude Include="ast\integer_literal_expression.h">
      <Filter>Header Files</Filter>
    </ClInclude>
    <ClInclude Include="ast\prefix_operator_expression.h">
      <Filter>Header Files</Filter>
    </ClInclude>
    <ClInclude Include="ast\string_literal_expression.h">
      <Filter>Header Files</Filter>
    </ClInclude>
    <ClInclude Include="ast\variable_declaration_expression.h">
      <Filter>Header Files</Filter>
    </ClInclude>
    <ClInclude Include="token.h">
      <Filter>Header Files</Filter>
    </ClInclude>
    <ClInclude Include="program.h">
      <Filter>Header Files</Filter>
    </ClInclude>
    <ClInclude Include="symbol_tables\symbol_table.h">
      <Filter>Header Files</Filter>
    </ClInclude>
    <ClInclude Include="symbol_tables\function_table.h">
      <Filter>Header Files</Filter>
    </ClInclude>
    <ClInclude Include="symbols\function_symbol.h">
      <Filter>Header Files</Filter>
    </ClInclude>
    <ClInclude Include="symbols\local_symbol.h">
      <Filter>Header Files</Filter>
    </ClInclude>
    <ClInclude Include="symbol_tables\local_table.h">
      <Filter>Header Files</Filter>
    </ClInclude>
    <ClInclude Include="compiler.h">
      <Filter>Header Files</Filter>
    </ClInclude>
    <ClInclude Include="code_gen\code_gen.h">
      <Filter>Header Files</Filter>
    </ClInclude>
    <ClInclude Include="code_gen\visitors\vm_expression_visitor.h">
      <Filter>Header Files</Filter>
    </ClInclude>
    <ClInclude Include="code_gen\visitors\expression_visitor.h">
      <Filter>Header Files</Filter>
    </ClInclude>
    <ClInclude Include="code_gen\builders\variable_builder.h">
      <Filter>Header Files</Filter>
    </ClInclude>
    <ClInclude Include="code_gen\builders\binary_operator_expression_builder.h">
      <Filter>Header Files</Filter>
    </ClInclude>
    <ClInclude Include="code_gen\builders\literal_expression_builder.h">
      <Filter>Header Files</Filter>
    </ClInclude>
    <ClInclude Include="ast\elsa_invoke_expression.h">
      <Filter>Header Files</Filter>
    </ClInclude>
    <ClInclude Include="code_gen\builders\elsa_invoke_expression_builder.h">
      <Filter>Header Files</Filter>
    </ClInclude>
    <ClInclude Include="code_gen\builders\identifier_expression_builder.h">
      <Filter>Header Files</Filter>
    </ClInclude>
    <ClInclude Include="Lexing\lexer.h">
      <Filter>Header Files</Filter>
    </ClInclude>
    <ClInclude Include="lexing\source_file.h">
      <Filter>Header Files</Filter>
    </ClInclude>
    <ClInclude Include="parsing\parsers\binary_operator_parser.h">
      <Filter>Header Files</Filter>
    </ClInclude>
    <ClInclude Include="Parsing\parsers\elsa_invoke_parser.h">
      <Filter>Header Files</Filter>
    </ClInclude>
    <ClInclude Include="parsing\parsers\func_declaration_parser.h">
      <Filter>Header Files</Filter>
    </ClInclude>
    <ClInclude Include="parsing\parsers\identifier_parser.h">
      <Filter>Header Files</Filter>
    </ClInclude>
    <ClInclude Include="parsing\parsers\infix_parser.h">
      <Filter>Header Files</Filter>
    </ClInclude>
    <ClInclude Include="parsing\parsers\literal_parser.h">
      <Filter>Header Files</Filter>
    </ClInclude>
    <ClInclude Include="parsing\parsers\parser.h">
      <Filter>Header Files</Filter>
    </ClInclude>
    <ClInclude Include="parsing\parsers\prefix_operator_parser.h">
      <Filter>Header Files</Filter>
    </ClInclude>
    <ClInclude Include="parsing\parsers\variable_declaration_parser.h">
      <Filter>Header Files</Filter>
    </ClInclude>
    <ClInclude Include="Parsing\elsa_parser.h">
      <Filter>Header Files</Filter>
    </ClInclude>
    <ClInclude Include="parsing\precedence.h">
      <Filter>Header Files</Filter>
    </ClInclude>
    <ClInclude Include="interop\native_function_info.h">
      <Filter>Header Files</Filter>
    </ClInclude>
    <ClInclude Include="interop\native_function_table.h">
      <Filter>Header Files</Filter>
    </ClInclude>
    <ClInclude Include="ast\struct_declaration_expression.h">
      <Filter>Header Files</Filter>
    </ClInclude>
    <ClInclude Include="ast\field_expression.h">
      <Filter>Header Files</Filter>
    </ClInclude>
    <ClInclude Include="parsing\parsers\struct_declaration_parser.h">
      <Filter>Header Files</Filter>
    </ClInclude>
    <ClInclude Include="code_gen\builders\struct_declaration_expression_builder.h">
      <Filter>Header Files</Filter>
    </ClInclude>
    <ClInclude Include="code_gen\builders\function_declaration_expression_builder.h">
      <Filter>Header Files</Filter>
    </ClInclude>
    <ClInclude Include="ast\create_struct_expression.h">
      <Filter>Header Files</Filter>
    </ClInclude>
    <ClInclude Include="parsing\parsers\create_struct_parser.h">
      <Filter>Header Files</Filter>
    </ClInclude>
    <ClInclude Include="symbol_tables\struct_table.h">
      <Filter>Header Files</Filter>
    </ClInclude>
    <ClInclude Include="symbols\struct_symbol.h">
      <Filter>Header Files</Filter>
    </ClInclude>
    <ClInclude Include="code_gen\builders\create_struct_expression_builder.h">
      <Filter>Header Files</Filter>
    </ClInclude>
    <ClInclude Include="ast\scoped_expression.h">
      <Filter>Header Files</Filter>
    </ClInclude>
    <ClInclude Include="ast\struct_access_expression.h">
      <Filter>Header Files</Filter>
    </ClInclude>
    <ClInclude Include="parsing\parsers\struct_access_parser.h">
      <Filter>Header Files</Filter>
    </ClInclude>
    <ClInclude Include="parsing\ll2_entry.h">
      <Filter>Header Files</Filter>
    </ClInclude>
  </ItemGroup>
  <ItemGroup>
    <ClCompile Include="types\type_checker.cpp">
      <Filter>Source Files</Filter>
    </ClCompile>
    <ClCompile Include="types\elsa_type.cpp">
      <Filter>Source Files</Filter>
    </ClCompile>
    <ClCompile Include="ast\argument_expression.cpp">
      <Filter>Source Files</Filter>
    </ClCompile>
    <ClCompile Include="ast\binary_operator_expression.cpp">
      <Filter>Source Files</Filter>
    </ClCompile>
    <ClCompile Include="ast\bool_literal_expression.cpp">
      <Filter>Source Files</Filter>
    </ClCompile>
    <ClCompile Include="ast\char_literal_expression.cpp">
      <Filter>Source Files</Filter>
    </ClCompile>
    <ClCompile Include="ast\float_literal_expression.cpp">
      <Filter>Source Files</Filter>
    </ClCompile>
    <ClCompile Include="ast\func_declaration_expression.cpp">
      <Filter>Source Files</Filter>
    </ClCompile>
    <ClCompile Include="ast\identifier_expression.cpp">
      <Filter>Source Files</Filter>
    </ClCompile>
    <ClCompile Include="ast\integer_literal_expression.cpp">
      <Filter>Source Files</Filter>
    </ClCompile>
    <ClCompile Include="ast\prefix_operator_expression.cpp">
      <Filter>Source Files</Filter>
    </ClCompile>
    <ClCompile Include="ast\string_literal_expression.cpp">
      <Filter>Source Files</Filter>
    </ClCompile>
    <ClCompile Include="ast\variable_declaration_expression.cpp">
      <Filter>Source Files</Filter>
    </ClCompile>
    <ClCompile Include="token.cpp">
      <Filter>Source Files</Filter>
    </ClCompile>
    <ClCompile Include="program.cpp">
      <Filter>Source Files</Filter>
    </ClCompile>
    <ClCompile Include="symbols\function_symbol.cpp">
      <Filter>Source Files</Filter>
    </ClCompile>
    <ClCompile Include="symbols\local_symbol.cpp">
      <Filter>Source Files</Filter>
    </ClCompile>
    <ClCompile Include="compiler.cpp">
      <Filter>Source Files</Filter>
    </ClCompile>
    <ClCompile Include="code_gen\code_gen.cpp">
      <Filter>Source Files</Filter>
    </ClCompile>
    <ClCompile Include="code_gen\visitors\vm_expression_visitor.cpp">
      <Filter>Source Files</Filter>
    </ClCompile>
    <ClCompile Include="code_gen\builders\variable_builder.cpp">
      <Filter>Source Files</Filter>
    </ClCompile>
    <ClCompile Include="code_gen\builders\binary_operator_expression_builder.cpp">
      <Filter>Source Files</Filter>
    </ClCompile>
    <ClCompile Include="code_gen\builders\literal_expression_builder.cpp">
      <Filter>Source Files</Filter>
    </ClCompile>
    <ClCompile Include="ast\elsa_invoke_expression.cpp">
      <Filter>Source Files</Filter>
    </ClCompile>
    <ClCompile Include="code_gen\builders\elsa_invoke_expression_builder.cpp">
      <Filter>Source Files</Filter>
    </ClCompile>
    <ClCompile Include="code_gen\builders\identifier_expression_builder.cpp">
      <Filter>Source Files</Filter>
    </ClCompile>
    <ClCompile Include="Lexing\lexer.cpp">
      <Filter>Source Files</Filter>
    </ClCompile>
    <ClCompile Include="Lexing\source_file.cpp">
      <Filter>Source Files</Filter>
    </ClCompile>
    <ClCompile Include="parsing\parsers\binary_operator_parser.cpp">
      <Filter>Source Files</Filter>
    </ClCompile>
    <ClCompile Include="Parsing\parsers\elsa_invoke_parser.cpp">
      <Filter>Source Files</Filter>
    </ClCompile>
    <ClCompile Include="parsing\parsers\func_declaration_parser.cpp">
      <Filter>Source Files</Filter>
    </ClCompile>
    <ClCompile Include="parsing\parsers\identifier_parser.cpp">
      <Filter>Source Files</Filter>
    </ClCompile>
    <ClCompile Include="parsing\parsers\literal_parser.cpp">
      <Filter>Source Files</Filter>
    </ClCompile>
    <ClCompile Include="parsing\parsers\prefix_operator_parser.cpp">
      <Filter>Source Files</Filter>
    </ClCompile>
    <ClCompile Include="parsing\parsers\variable_declaration_parser.cpp">
      <Filter>Source Files</Filter>
    </ClCompile>
    <ClCompile Include="Parsing\elsa_parser.cpp">
      <Filter>Source Files</Filter>
    </ClCompile>
    <ClCompile Include="interop\native_function_info.cpp">
      <Filter>Source Files</Filter>
    </ClCompile>
    <ClCompile Include="interop\native_function_table.cpp">
      <Filter>Source Files</Filter>
    </ClCompile>
    <ClCompile Include="ast\struct_declaration_expression.cpp">
      <Filter>Source Files</Filter>
    </ClCompile>
    <ClCompile Include="ast\field_expression.cpp">
      <Filter>Source Files</Filter>
    </ClCompile>
    <ClCompile Include="parsing\parsers\struct_declaration_parser.cpp">
      <Filter>Source Files</Filter>
    </ClCompile>
    <ClCompile Include="code_gen\builders\function_declaration_expression_builder.cpp">
      <Filter>Source Files</Filter>
    </ClCompile>
    <ClCompile Include="code_gen\builders\struct_declaration_expression_builder.cpp">
      <Filter>Source Files</Filter>
    </ClCompile>
    <ClCompile Include="ast\create_struct_expression.cpp">
      <Filter>Source Files</Filter>
    </ClCompile>
    <ClCompile Include="parsing\parsers\create_struct_parser.cpp">
      <Filter>Source Files</Filter>
    </ClCompile>
    <ClCompile Include="symbols\struct_symbol.cpp">
      <Filter>Source Files</Filter>
    </ClCompile>
    <ClCompile Include="code_gen\builders\create_struct_expression_builder.cpp">
      <Filter>Source Files</Filter>
    </ClCompile>
    <ClCompile Include="symbol_tables\struct_table.cpp">
      <Filter>Source Files</Filter>
    </ClCompile>
    <ClCompile Include="symbol_tables\function_table.cpp">
      <Filter>Source Files</Filter>
    </ClCompile>
    <ClCompile Include="ast\scoped_expression.cpp">
      <Filter>Source Files</Filter>
    </ClCompile>
    <ClCompile Include="ast\struct_access_expression.cpp">
      <Filter>Source Files</Filter>
    </ClCompile>
    <ClCompile Include="parsing\parsers\struct_access_parser.cpp">
      <Filter>Source Files</Filter>
    </ClCompile>
  </ItemGroup>
</Project>