
Microsoft Visual Studio Solution File, Format Version 12.00
# Visual Studio 14
VisualStudioVersion = 14.0.23107.0
MinimumVisualStudioVersion = 10.0.40219.1
Project("{8BC9CEB8-8B4A-11D0-8D11-00A0C91BC942}") = "VM", "VM\VM.vcxproj", "{F45FA80E-E6BA-4D96-831B-D5A5DEBBC8D9}"
EndProject
Project("{8BC9CEB8-8B4A-11D0-8D11-00A0C91BC942}") = "Elsa.Test", "Elsa.Test\Elsa.Test.vcxproj", "{571988D9-2443-4A5B-B575-5FD72A48DDB4}"
EndProject
Project("{8BC9CEB8-8B4A-11D0-8D11-00A0C91BC942}") = "VM.Test", "VM.Test\VM.Test.vcxproj", "{8043EE2B-5919-48B4-B666-00A04AE624A1}"
EndProject
Project("{8BC9CEB8-8B4A-11D0-8D11-00A0C91BC942}") = "Shared", "Shared\Shared.vcxproj", "{EC7DADA4-FC2A-442C-9DCF-5BA06DA8D653}"
EndProject
Project("{8BC9CEB8-8B4A-11D0-8D11-00A0C91BC942}") = "Compiler", "Compiler\Compiler.vcxproj", "{FF16959E-20F4-4016-ADE6-C52E8FC1D86D}"
EndProject
Project("{8BC9CEB8-8B4A-11D0-8D11-00A0C91BC942}") = "Compiler.Test", "Compiler.Test\Compiler.Test.vcxproj", "{8DA834F5-AED0-462A-B71C-D48163207003}"
EndProject
Project("{8BC9CEB8-8B4A-11D0-8D11-00A0C91BC942}") = "Elsa", "Elsa\Elsa.vcxproj", "{1A7CC214-5115-401C-9D56-F3EF298EC342}"
EndProject
Project("{2150E333-8FDC-42A3-9474-1A3956D46DE8}") = "examples", "examples", "{75B882E4-5D77-4D5A-A71E-D0DD6D0C0716}"
EndProject
Project("{2150E333-8FDC-42A3-9474-1A3956D46DE8}") = "pong", "pong", "{FF1AACA1-3DEA-4282-8253-13B0FDCEC33B}"
	ProjectSection(SolutionItems) = preProject
		examples\pong\main.elsa = examples\pong\main.elsa
		examples\pong\paddle.elsa = examples\pong\paddle.elsa
	EndProjectSection
EndProject
Project("{2150E333-8FDC-42A3-9474-1A3956D46DE8}") = "std", "std", "{05674512-81E8-4FD9-98C6-A1CBA4938A71}"
	ProjectSection(SolutionItems) = preProject
		std\assert.elsa = std\assert.elsa
		std\io.elsa = std\io.elsa
		std\string.elsa = std\string.elsa
		std\system.elsa = std\system.elsa
	EndProjectSection
EndProject
Project("{2150E333-8FDC-42A3-9474-1A3956D46DE8}") = "tests", "tests", "{9BEA47F1-40E2-4E41-9C7F-7D4901EBC4C2}"
	ProjectSection(SolutionItems) = preProject
		tests\array_test.elsa = tests\array_test.elsa
		tests\func_test.elsa = tests\func_test.elsa
		tests\program2.elsa = tests\program2.elsa
		tests\string_test.elsa = tests\string_test.elsa
		tests\struct_test.elsa = tests\struct_test.elsa
		tests\test.elsa = tests\test.elsa
		tests\type_cast_test.elsa = tests\type_cast_test.elsa
	EndProjectSection
EndProject
Global
	GlobalSection(SolutionConfigurationPlatforms) = preSolution
		Debug|Win32 = Debug|Win32
		Debug|x64 = Debug|x64
		Debug|x86 = Debug|x86
		Release|Win32 = Release|Win32
		Release|x64 = Release|x64
		Release|x86 = Release|x86
	EndGlobalSection
	GlobalSection(ProjectConfigurationPlatforms) = postSolution
		{F45FA80E-E6BA-4D96-831B-D5A5DEBBC8D9}.Debug|Win32.ActiveCfg = Debug|Win32
		{F45FA80E-E6BA-4D96-831B-D5A5DEBBC8D9}.Debug|Win32.Build.0 = Debug|Win32
		{F45FA80E-E6BA-4D96-831B-D5A5DEBBC8D9}.Debug|x64.ActiveCfg = Debug|x64
		{F45FA80E-E6BA-4D96-831B-D5A5DEBBC8D9}.Debug|x64.Build.0 = Debug|x64
		{F45FA80E-E6BA-4D96-831B-D5A5DEBBC8D9}.Debug|x86.ActiveCfg = Debug|Win32
		{F45FA80E-E6BA-4D96-831B-D5A5DEBBC8D9}.Debug|x86.Build.0 = Debug|Win32
		{F45FA80E-E6BA-4D96-831B-D5A5DEBBC8D9}.Release|Win32.ActiveCfg = Release|Win32
		{F45FA80E-E6BA-4D96-831B-D5A5DEBBC8D9}.Release|Win32.Build.0 = Release|Win32
		{F45FA80E-E6BA-4D96-831B-D5A5DEBBC8D9}.Release|x64.ActiveCfg = Release|x64
		{F45FA80E-E6BA-4D96-831B-D5A5DEBBC8D9}.Release|x64.Build.0 = Release|x64
		{F45FA80E-E6BA-4D96-831B-D5A5DEBBC8D9}.Release|x86.ActiveCfg = Release|Win32
		{F45FA80E-E6BA-4D96-831B-D5A5DEBBC8D9}.Release|x86.Build.0 = Release|Win32
		{571988D9-2443-4A5B-B575-5FD72A48DDB4}.Debug|Win32.ActiveCfg = Debug|Win32
		{571988D9-2443-4A5B-B575-5FD72A48DDB4}.Debug|Win32.Build.0 = Debug|Win32
		{571988D9-2443-4A5B-B575-5FD72A48DDB4}.Debug|x64.ActiveCfg = Debug|x64
		{571988D9-2443-4A5B-B575-5FD72A48DDB4}.Debug|x64.Build.0 = Debug|x64
		{571988D9-2443-4A5B-B575-5FD72A48DDB4}.Debug|x86.ActiveCfg = Debug|Win32
		{571988D9-2443-4A5B-B575-5FD72A48DDB4}.Debug|x86.Build.0 = Debug|Win32
		{571988D9-2443-4A5B-B575-5FD72A48DDB4}.Release|Win32.ActiveCfg = Release|Win32
		{571988D9-2443-4A5B-B575-5FD72A48DDB4}.Release|Win32.Build.0 = Release|Win32
		{571988D9-2443-4A5B-B575-5FD72A48DDB4}.Release|x64.ActiveCfg = Release|x64
		{571988D9-2443-4A5B-B575-5FD72A48DDB4}.Release|x64.Build.0 = Release|x64
		{571988D9-2443-4A5B-B575-5FD72A48DDB4}.Release|x86.ActiveCfg = Release|Win32
		{571988D9-2443-4A5B-B575-5FD72A48DDB4}.Release|x86.Build.0 = Release|Win32
		{8043EE2B-5919-48B4-B666-00A04AE624A1}.Debug|Win32.ActiveCfg = Debug|Win32
		{8043EE2B-5919-48B4-B666-00A04AE624A1}.Debug|Win32.Build.0 = Debug|Win32
		{8043EE2B-5919-48B4-B666-00A04AE624A1}.Debug|x64.ActiveCfg = Debug|x64
		{8043EE2B-5919-48B4-B666-00A04AE624A1}.Debug|x64.Build.0 = Debug|x64
		{8043EE2B-5919-48B4-B666-00A04AE624A1}.Debug|x86.ActiveCfg = Debug|Win32
		{8043EE2B-5919-48B4-B666-00A04AE624A1}.Debug|x86.Build.0 = Debug|Win32
		{8043EE2B-5919-48B4-B666-00A04AE624A1}.Release|Win32.ActiveCfg = Release|Win32
		{8043EE2B-5919-48B4-B666-00A04AE624A1}.Release|Win32.Build.0 = Release|Win32
		{8043EE2B-5919-48B4-B666-00A04AE624A1}.Release|x64.ActiveCfg = Release|x64
		{8043EE2B-5919-48B4-B666-00A04AE624A1}.Release|x64.Build.0 = Release|x64
		{8043EE2B-5919-48B4-B666-00A04AE624A1}.Release|x86.ActiveCfg = Release|Win32
		{8043EE2B-5919-48B4-B666-00A04AE624A1}.Release|x86.Build.0 = Release|Win32
		{EC7DADA4-FC2A-442C-9DCF-5BA06DA8D653}.Debug|Win32.ActiveCfg = Debug|Win32
		{EC7DADA4-FC2A-442C-9DCF-5BA06DA8D653}.Debug|Win32.Build.0 = Debug|Win32
		{EC7DADA4-FC2A-442C-9DCF-5BA06DA8D653}.Debug|x64.ActiveCfg = Debug|x64
		{EC7DADA4-FC2A-442C-9DCF-5BA06DA8D653}.Debug|x64.Build.0 = Debug|x64
		{EC7DADA4-FC2A-442C-9DCF-5BA06DA8D653}.Debug|x86.ActiveCfg = Debug|Win32
		{EC7DADA4-FC2A-442C-9DCF-5BA06DA8D653}.Debug|x86.Build.0 = Debug|Win32
		{EC7DADA4-FC2A-442C-9DCF-5BA06DA8D653}.Release|Win32.ActiveCfg = Release|Win32
		{EC7DADA4-FC2A-442C-9DCF-5BA06DA8D653}.Release|Win32.Build.0 = Release|Win32
		{EC7DADA4-FC2A-442C-9DCF-5BA06DA8D653}.Release|x64.ActiveCfg = Release|x64
		{EC7DADA4-FC2A-442C-9DCF-5BA06DA8D653}.Release|x64.Build.0 = Release|x64
		{EC7DADA4-FC2A-442C-9DCF-5BA06DA8D653}.Release|x86.ActiveCfg = Release|Win32
		{EC7DADA4-FC2A-442C-9DCF-5BA06DA8D653}.Release|x86.Build.0 = Release|Win32
		{FF16959E-20F4-4016-ADE6-C52E8FC1D86D}.Debug|Win32.ActiveCfg = Debug|Win32
		{FF16959E-20F4-4016-ADE6-C52E8FC1D86D}.Debug|Win32.Build.0 = Debug|Win32
		{FF16959E-20F4-4016-ADE6-C52E8FC1D86D}.Debug|x64.ActiveCfg = Debug|x64
		{FF16959E-20F4-4016-ADE6-C52E8FC1D86D}.Debug|x64.Build.0 = Debug|x64
		{FF16959E-20F4-4016-ADE6-C52E8FC1D86D}.Debug|x86.ActiveCfg = Debug|Win32
		{FF16959E-20F4-4016-ADE6-C52E8FC1D86D}.Debug|x86.Build.0 = Debug|Win32
		{FF16959E-20F4-4016-ADE6-C52E8FC1D86D}.Release|Win32.ActiveCfg = Release|Win32
		{FF16959E-20F4-4016-ADE6-C52E8FC1D86D}.Release|Win32.Build.0 = Release|Win32
		{FF16959E-20F4-4016-ADE6-C52E8FC1D86D}.Release|x64.ActiveCfg = Release|x64
		{FF16959E-20F4-4016-ADE6-C52E8FC1D86D}.Release|x64.Build.0 = Release|x64
		{FF16959E-20F4-4016-ADE6-C52E8FC1D86D}.Release|x86.ActiveCfg = Release|Win32
		{FF16959E-20F4-4016-ADE6-C52E8FC1D86D}.Release|x86.Build.0 = Release|Win32
		{8DA834F5-AED0-462A-B71C-D48163207003}.Debug|Win32.ActiveCfg = Debug|Win32
		{8DA834F5-AED0-462A-B71C-D48163207003}.Debug|Win32.Build.0 = Debug|Win32
		{8DA834F5-AED0-462A-B71C-D48163207003}.Debug|x64.ActiveCfg = Debug|x64
		{8DA834F5-AED0-462A-B71C-D48163207003}.Debug|x64.Build.0 = Debug|x64
		{8DA834F5-AED0-462A-B71C-D48163207003}.Debug|x86.ActiveCfg = Debug|Win32
		{8DA834F5-AED0-462A-B71C-D48163207003}.Debug|x86.Build.0 = Debug|Win32
		{8DA834F5-AED0-462A-B71C-D48163207003}.Release|Win32.ActiveCfg = Release|Win32
		{8DA834F5-AED0-462A-B71C-D48163207003}.Release|Win32.Build.0 = Release|Win32
		{8DA834F5-AED0-462A-B71C-D48163207003}.Release|x64.ActiveCfg = Release|x64
		{8DA834F5-AED0-462A-B71C-D48163207003}.Release|x64.Build.0 = Release|x64
		{8DA834F5-AED0-462A-B71C-D48163207003}.Release|x86.ActiveCfg = Release|Win32
		{8DA834F5-AED0-462A-B71C-D48163207003}.Release|x86.Build.0 = Release|Win32
		{1A7CC214-5115-401C-9D56-F3EF298EC342}.Debug|Win32.ActiveCfg = Debug|Win32
		{1A7CC214-5115-401C-9D56-F3EF298EC342}.Debug|Win32.Build.0 = Debug|Win32
		{1A7CC214-5115-401C-9D56-F3EF298EC342}.Debug|x64.ActiveCfg = Debug|x64
		{1A7CC214-5115-401C-9D56-F3EF298EC342}.Debug|x64.Build.0 = Debug|x64
		{1A7CC214-5115-401C-9D56-F3EF298EC342}.Debug|x86.ActiveCfg = Debug|Win32
		{1A7CC214-5115-401C-9D56-F3EF298EC342}.Debug|x86.Build.0 = Debug|Win32
		{1A7CC214-5115-401C-9D56-F3EF298EC342}.Release|Win32.ActiveCfg = Release|Win32
		{1A7CC214-5115-401C-9D56-F3EF298EC342}.Release|Win32.Build.0 = Release|Win32
		{1A7CC214-5115-401C-9D56-F3EF298EC342}.Release|x64.ActiveCfg = Release|x64
		{1A7CC214-5115-401C-9D56-F3EF298EC342}.Release|x64.Build.0 = Release|x64
		{1A7CC214-5115-401C-9D56-F3EF298EC342}.Release|x86.ActiveCfg = Release|Win32
		{1A7CC214-5115-401C-9D56-F3EF298EC342}.Release|x86.Build.0 = Release|Win32
	EndGlobalSection
	GlobalSection(SolutionProperties) = preSolution
		HideSolutionNode = FALSE
	EndGlobalSection
	GlobalSection(NestedProjects) = preSolution
		{FF1AACA1-3DEA-4282-8253-13B0FDCEC33B} = {75B882E4-5D77-4D5A-A71E-D0DD6D0C0716}
	EndGlobalSection
EndGlobal
